// !$*UTF8*$!
{
	archiveVersion = 1;
	classes = {
	};
	objectVersion = 48;
	objects = {

/* Begin PBXBuildFile section */
		0FDC765020FC47CD0028C900 /* AppDelegate.m in Sources */ = {isa = PBXBuildFile; fileRef = 0FDC764F20FC47CD0028C900 /* AppDelegate.m */; };
		0FDC765320FC47CD0028C900 /* ViewController.m in Sources */ = {isa = PBXBuildFile; fileRef = 0FDC765220FC47CD0028C900 /* ViewController.m */; };
		0FDC765620FC47CD0028C900 /* Main.storyboard in Resources */ = {isa = PBXBuildFile; fileRef = 0FDC765420FC47CD0028C900 /* Main.storyboard */; };
		0FDC765820FC47CD0028C900 /* Assets.xcassets in Resources */ = {isa = PBXBuildFile; fileRef = 0FDC765720FC47CD0028C900 /* Assets.xcassets */; };
		0FDC765B20FC47CD0028C900 /* LaunchScreen.storyboard in Resources */ = {isa = PBXBuildFile; fileRef = 0FDC765920FC47CD0028C900 /* LaunchScreen.storyboard */; };
		0FDC765E20FC47CD0028C900 /* main.m in Sources */ = {isa = PBXBuildFile; fileRef = 0FDC765D20FC47CD0028C900 /* main.m */; };
		0FDC766820FC47CD0028C900 /* _____Tests.m in Sources */ = {isa = PBXBuildFile; fileRef = 0FDC766720FC47CD0028C900 /* _____Tests.m */; };
		0FDC767320FC47CD0028C900 /* _____UITests.m in Sources */ = {isa = PBXBuildFile; fileRef = 0FDC767220FC47CD0028C900 /* _____UITests.m */; };
		0FDC768320FC47F10028C900 /* JJTimer.m in Sources */ = {isa = PBXBuildFile; fileRef = 0FDC768120FC47F10028C900 /* JJTimer.m */; };
/* End PBXBuildFile section */

/* Begin PBXContainerItemProxy section */
		0FDC766420FC47CD0028C900 /* PBXContainerItemProxy */ = {
			isa = PBXContainerItemProxy;
			containerPortal = 0FDC764320FC47CD0028C900 /* Project object */;
			proxyType = 1;
			remoteGlobalIDString = 0FDC764A20FC47CD0028C900;
			remoteInfo = "便捷计时器";
		};
		0FDC766F20FC47CD0028C900 /* PBXContainerItemProxy */ = {
			isa = PBXContainerItemProxy;
			containerPortal = 0FDC764320FC47CD0028C900 /* Project object */;
			proxyType = 1;
			remoteGlobalIDString = 0FDC764A20FC47CD0028C900;
			remoteInfo = "便捷计时器";
		};
/* End PBXContainerItemProxy section */

/* Begin PBXFileReference section */
		0FDC764B20FC47CD0028C900 /* 便捷计时器.app */ = {isa = PBXFileReference; explicitFileType = wrapper.application; includeInIndex = 0; path = "便捷计时器.app"; sourceTree = BUILT_PRODUCTS_DIR; };
		0FDC764E20FC47CD0028C900 /* AppDelegate.h */ = {isa = PBXFileReference; lastKnownFileType = sourcecode.c.h; path = AppDelegate.h; sourceTree = "<group>"; };
		0FDC764F20FC47CD0028C900 /* AppDelegate.m */ = {isa = PBXFileReference; lastKnownFileType = sourcecode.c.objc; path = AppDelegate.m; sourceTree = "<group>"; };
		0FDC765120FC47CD0028C900 /* ViewController.h */ = {isa = PBXFileReference; lastKnownFileType = sourcecode.c.h; path = ViewController.h; sourceTree = "<group>"; };
		0FDC765220FC47CD0028C900 /* ViewController.m */ = {isa = PBXFileReference; lastKnownFileType = sourcecode.c.objc; path = ViewController.m; sourceTree = "<group>"; };
		0FDC765520FC47CD0028C900 /* Base */ = {isa = PBXFileReference; lastKnownFileType = file.storyboard; name = Base; path = Base.lproj/Main.storyboard; sourceTree = "<group>"; };
		0FDC765720FC47CD0028C900 /* Assets.xcassets */ = {isa = PBXFileReference; lastKnownFileType = folder.assetcatalog; path = Assets.xcassets; sourceTree = "<group>"; };
		0FDC765A20FC47CD0028C900 /* Base */ = {isa = PBXFileReference; lastKnownFileType = file.storyboard; name = Base; path = Base.lproj/LaunchScreen.storyboard; sourceTree = "<group>"; };
		0FDC765C20FC47CD0028C900 /* Info.plist */ = {isa = PBXFileReference; lastKnownFileType = text.plist.xml; path = Info.plist; sourceTree = "<group>"; };
		0FDC765D20FC47CD0028C900 /* main.m */ = {isa = PBXFileReference; lastKnownFileType = sourcecode.c.objc; path = main.m; sourceTree = "<group>"; };
		0FDC766320FC47CD0028C900 /* 便捷计时器Tests.xctest */ = {isa = PBXFileReference; explicitFileType = wrapper.cfbundle; includeInIndex = 0; path = "便捷计时器Tests.xctest"; sourceTree = BUILT_PRODUCTS_DIR; };
		0FDC766720FC47CD0028C900 /* _____Tests.m */ = {isa = PBXFileReference; lastKnownFileType = sourcecode.c.objc; path = "_____Tests.m"; sourceTree = "<group>"; };
		0FDC766920FC47CD0028C900 /* Info.plist */ = {isa = PBXFileReference; lastKnownFileType = text.plist.xml; path = Info.plist; sourceTree = "<group>"; };
		0FDC766E20FC47CD0028C900 /* 便捷计时器UITests.xctest */ = {isa = PBXFileReference; explicitFileType = wrapper.cfbundle; includeInIndex = 0; path = "便捷计时器UITests.xctest"; sourceTree = BUILT_PRODUCTS_DIR; };
		0FDC767220FC47CD0028C900 /* _____UITests.m */ = {isa = PBXFileReference; lastKnownFileType = sourcecode.c.objc; path = "_____UITests.m"; sourceTree = "<group>"; };
		0FDC767420FC47CD0028C900 /* Info.plist */ = {isa = PBXFileReference; lastKnownFileType = text.plist.xml; path = Info.plist; sourceTree = "<group>"; };
		0FDC768120FC47F10028C900 /* JJTimer.m */ = {isa = PBXFileReference; fileEncoding = 4; lastKnownFileType = sourcecode.c.objc; path = JJTimer.m; sourceTree = "<group>"; };
		0FDC768220FC47F10028C900 /* JJTimer.h */ = {isa = PBXFileReference; fileEncoding = 4; lastKnownFileType = sourcecode.c.h; path = JJTimer.h; sourceTree = "<group>"; };
/* End PBXFileReference section */

/* Begin PBXFrameworksBuildPhase section */
		0FDC764820FC47CD0028C900 /* Frameworks */ = {
			isa = PBXFrameworksBuildPhase;
			buildActionMask = 2147483647;
			files = (
			);
			runOnlyForDeploymentPostprocessing = 0;
		};
		0FDC766020FC47CD0028C900 /* Frameworks */ = {
			isa = PBXFrameworksBuildPhase;
			buildActionMask = 2147483647;
			files = (
			);
			runOnlyForDeploymentPostprocessing = 0;
		};
		0FDC766B20FC47CD0028C900 /* Frameworks */ = {
			isa = PBXFrameworksBuildPhase;
			buildActionMask = 2147483647;
			files = (
			);
			runOnlyForDeploymentPostprocessing = 0;
		};
/* End PBXFrameworksBuildPhase section */

/* Begin PBXGroup section */
		0FDC764220FC47CD0028C900 = {
			isa = PBXGroup;
			children = (
				0FDC764D20FC47CD0028C900 /* 便捷计时器 */,
				0FDC766620FC47CD0028C900 /* 便捷计时器Tests */,
				0FDC767120FC47CD0028C900 /* 便捷计时器UITests */,
				0FDC764C20FC47CD0028C900 /* Products */,
			);
			sourceTree = "<group>";
		};
		0FDC764C20FC47CD0028C900 /* Products */ = {
			isa = PBXGroup;
			children = (
				0FDC764B20FC47CD0028C900 /* 便捷计时器.app */,
				0FDC766320FC47CD0028C900 /* 便捷计时器Tests.xctest */,
				0FDC766E20FC47CD0028C900 /* 便捷计时器UITests.xctest */,
			);
			name = Products;
			sourceTree = "<group>";
		};
		0FDC764D20FC47CD0028C900 /* 便捷计时器 */ = {
			isa = PBXGroup;
			children = (
				0FDC768020FC47D60028C900 /* JJTimer */,
				0FDC764E20FC47CD0028C900 /* AppDelegate.h */,
				0FDC764F20FC47CD0028C900 /* AppDelegate.m */,
				0FDC765120FC47CD0028C900 /* ViewController.h */,
				0FDC765220FC47CD0028C900 /* ViewController.m */,
				0FDC765420FC47CD0028C900 /* Main.storyboard */,
				0FDC765720FC47CD0028C900 /* Assets.xcassets */,
				0FDC765920FC47CD0028C900 /* LaunchScreen.storyboard */,
				0FDC765C20FC47CD0028C900 /* Info.plist */,
				0FDC765D20FC47CD0028C900 /* main.m */,
			);
			path = "便捷计时器";
			sourceTree = "<group>";
		};
		0FDC766620FC47CD0028C900 /* 便捷计时器Tests */ = {
			isa = PBXGroup;
			children = (
				0FDC766720FC47CD0028C900 /* _____Tests.m */,
				0FDC766920FC47CD0028C900 /* Info.plist */,
			);
			path = "便捷计时器Tests";
			sourceTree = "<group>";
		};
		0FDC767120FC47CD0028C900 /* 便捷计时器UITests */ = {
			isa = PBXGroup;
			children = (
				0FDC767220FC47CD0028C900 /* _____UITests.m */,
				0FDC767420FC47CD0028C900 /* Info.plist */,
			);
			path = "便捷计时器UITests";
			sourceTree = "<group>";
		};
		0FDC768020FC47D60028C900 /* JJTimer */ = {
			isa = PBXGroup;
			children = (
				0FDC768220FC47F10028C900 /* JJTimer.h */,
				0FDC768120FC47F10028C900 /* JJTimer.m */,
			);
			path = JJTimer;
			sourceTree = "<group>";
		};
/* End PBXGroup section */

/* Begin PBXNativeTarget section */
		0FDC764A20FC47CD0028C900 /* 便捷计时器 */ = {
			isa = PBXNativeTarget;
			buildConfigurationList = 0FDC767720FC47CD0028C900 /* Build configuration list for PBXNativeTarget "便捷计时器" */;
			buildPhases = (
				0FDC764720FC47CD0028C900 /* Sources */,
				0FDC764820FC47CD0028C900 /* Frameworks */,
				0FDC764920FC47CD0028C900 /* Resources */,
			);
			buildRules = (
			);
			dependencies = (
			);
			name = "便捷计时器";
			productName = "便捷计时器";
			productReference = 0FDC764B20FC47CD0028C900 /* 便捷计时器.app */;
			productType = "com.apple.product-type.application";
		};
		0FDC766220FC47CD0028C900 /* 便捷计时器Tests */ = {
			isa = PBXNativeTarget;
			buildConfigurationList = 0FDC767A20FC47CD0028C900 /* Build configuration list for PBXNativeTarget "便捷计时器Tests" */;
			buildPhases = (
				0FDC765F20FC47CD0028C900 /* Sources */,
				0FDC766020FC47CD0028C900 /* Frameworks */,
				0FDC766120FC47CD0028C900 /* Resources */,
			);
			buildRules = (
			);
			dependencies = (
				0FDC766520FC47CD0028C900 /* PBXTargetDependency */,
			);
			name = "便捷计时器Tests";
			productName = "便捷计时器Tests";
			productReference = 0FDC766320FC47CD0028C900 /* 便捷计时器Tests.xctest */;
			productType = "com.apple.product-type.bundle.unit-test";
		};
		0FDC766D20FC47CD0028C900 /* 便捷计时器UITests */ = {
			isa = PBXNativeTarget;
			buildConfigurationList = 0FDC767D20FC47CD0028C900 /* Build configuration list for PBXNativeTarget "便捷计时器UITests" */;
			buildPhases = (
				0FDC766A20FC47CD0028C900 /* Sources */,
				0FDC766B20FC47CD0028C900 /* Frameworks */,
				0FDC766C20FC47CD0028C900 /* Resources */,
			);
			buildRules = (
			);
			dependencies = (
				0FDC767020FC47CD0028C900 /* PBXTargetDependency */,
			);
			name = "便捷计时器UITests";
			productName = "便捷计时器UITests";
			productReference = 0FDC766E20FC47CD0028C900 /* 便捷计时器UITests.xctest */;
			productType = "com.apple.product-type.bundle.ui-testing";
		};
/* End PBXNativeTarget section */

/* Begin PBXProject section */
		0FDC764320FC47CD0028C900 /* Project object */ = {
			isa = PBXProject;
			attributes = {
				LastUpgradeCheck = 0920;
				ORGANIZATIONNAME = "冀佳伟";
				TargetAttributes = {
					0FDC764A20FC47CD0028C900 = {
						CreatedOnToolsVersion = 9.2;
						ProvisioningStyle = Automatic;
					};
					0FDC766220FC47CD0028C900 = {
						CreatedOnToolsVersion = 9.2;
						ProvisioningStyle = Automatic;
						TestTargetID = 0FDC764A20FC47CD0028C900;
					};
					0FDC766D20FC47CD0028C900 = {
						CreatedOnToolsVersion = 9.2;
						ProvisioningStyle = Automatic;
						TestTargetID = 0FDC764A20FC47CD0028C900;
					};
				};
			};
			buildConfigurationList = 0FDC764620FC47CD0028C900 /* Build configuration list for PBXProject "便捷计时器" */;
			compatibilityVersion = "Xcode 8.0";
			developmentRegion = en;
			hasScannedForEncodings = 0;
			knownRegions = (
				en,
				Base,
			);
			mainGroup = 0FDC764220FC47CD0028C900;
			productRefGroup = 0FDC764C20FC47CD0028C900 /* Products */;
			projectDirPath = "";
			projectRoot = "";
			targets = (
				0FDC764A20FC47CD0028C900 /* 便捷计时器 */,
				0FDC766220FC47CD0028C900 /* 便捷计时器Tests */,
				0FDC766D20FC47CD0028C900 /* 便捷计时器UITests */,
			);
		};
/* End PBXProject section */

/* Begin PBXResourcesBuildPhase section */
		0FDC764920FC47CD0028C900 /* Resources */ = {
			isa = PBXResourcesBuildPhase;
			buildActionMask = 2147483647;
			files = (
				0FDC765B20FC47CD0028C900 /* LaunchScreen.storyboard in Resources */,
				0FDC765820FC47CD0028C900 /* Assets.xcassets in Resources */,
				0FDC765620FC47CD0028C900 /* Main.storyboard in Resources */,
			);
			runOnlyForDeploymentPostprocessing = 0;
		};
		0FDC766120FC47CD0028C900 /* Resources */ = {
			isa = PBXResourcesBuildPhase;
			buildActionMask = 2147483647;
			files = (
			);
			runOnlyForDeploymentPostprocessing = 0;
		};
		0FDC766C20FC47CD0028C900 /* Resources */ = {
			isa = PBXResourcesBuildPhase;
			buildActionMask = 2147483647;
			files = (
			);
			runOnlyForDeploymentPostprocessing = 0;
		};
/* End PBXResourcesBuildPhase section */

/* Begin PBXSourcesBuildPhase section */
		0FDC764720FC47CD0028C900 /* Sources */ = {
			isa = PBXSourcesBuildPhase;
			buildActionMask = 2147483647;
			files = (
				0FDC765320FC47CD0028C900 /* ViewController.m in Sources */,
				0FDC768320FC47F10028C900 /* JJTimer.m in Sources */,
				0FDC765E20FC47CD0028C900 /* main.m in Sources */,
				0FDC765020FC47CD0028C900 /* AppDelegate.m in Sources */,
			);
			runOnlyForDeploymentPostprocessing = 0;
		};
		0FDC765F20FC47CD0028C900 /* Sources */ = {
			isa = PBXSourcesBuildPhase;
			buildActionMask = 2147483647;
			files = (
				0FDC766820FC47CD0028C900 /* _____Tests.m in Sources */,
			);
			runOnlyForDeploymentPostprocessing = 0;
		};
		0FDC766A20FC47CD0028C900 /* Sources */ = {
			isa = PBXSourcesBuildPhase;
			buildActionMask = 2147483647;
			files = (
				0FDC767320FC47CD0028C900 /* _____UITests.m in Sources */,
			);
			runOnlyForDeploymentPostprocessing = 0;
		};
/* End PBXSourcesBuildPhase section */

/* Begin PBXTargetDependency section */
		0FDC766520FC47CD0028C900 /* PBXTargetDependency */ = {
			isa = PBXTargetDependency;
			target = 0FDC764A20FC47CD0028C900 /* 便捷计时器 */;
			targetProxy = 0FDC766420FC47CD0028C900 /* PBXContainerItemProxy */;
		};
		0FDC767020FC47CD0028C900 /* PBXTargetDependency */ = {
			isa = PBXTargetDependency;
			target = 0FDC764A20FC47CD0028C900 /* 便捷计时器 */;
			targetProxy = 0FDC766F20FC47CD0028C900 /* PBXContainerItemProxy */;
		};
/* End PBXTargetDependency section */

/* Begin PBXVariantGroup section */
		0FDC765420FC47CD0028C900 /* Main.storyboard */ = {
			isa = PBXVariantGroup;
			children = (
				0FDC765520FC47CD0028C900 /* Base */,
			);
			name = Main.storyboard;
			sourceTree = "<group>";
		};
		0FDC765920FC47CD0028C900 /* LaunchScreen.storyboard */ = {
			isa = PBXVariantGroup;
			children = (
				0FDC765A20FC47CD0028C900 /* Base */,
			);
			name = LaunchScreen.storyboard;
			sourceTree = "<group>";
		};
/* End PBXVariantGroup section */

/* Begin XCBuildConfiguration section */
		0FDC767520FC47CD0028C900 /* Debug */ = {
			isa = XCBuildConfiguration;
			buildSettings = {
				ALWAYS_SEARCH_USER_PATHS = NO;
				CLANG_ANALYZER_NONNULL = YES;
				CLANG_ANALYZER_NUMBER_OBJECT_CONVERSION = YES_AGGRESSIVE;
				CLANG_CXX_LANGUAGE_STANDARD = "gnu++14";
				CLANG_CXX_LIBRARY = "libc++";
				CLANG_ENABLE_MODULES = YES;
				CLANG_ENABLE_OBJC_ARC = YES;
				CLANG_WARN_BLOCK_CAPTURE_AUTORELEASING = YES;
				CLANG_WARN_BOOL_CONVERSION = YES;
				CLANG_WARN_COMMA = YES;
				CLANG_WARN_CONSTANT_CONVERSION = YES;
				CLANG_WARN_DIRECT_OBJC_ISA_USAGE = YES_ERROR;
				CLANG_WARN_DOCUMENTATION_COMMENTS = YES;
				CLANG_WARN_EMPTY_BODY = YES;
				CLANG_WARN_ENUM_CONVERSION = YES;
				CLANG_WARN_INFINITE_RECURSION = YES;
				CLANG_WARN_INT_CONVERSION = YES;
				CLANG_WARN_NON_LITERAL_NULL_CONVERSION = YES;
				CLANG_WARN_OBJC_LITERAL_CONVERSION = YES;
				CLANG_WARN_OBJC_ROOT_CLASS = YES_ERROR;
				CLANG_WARN_RANGE_LOOP_ANALYSIS = YES;
				CLANG_WARN_STRICT_PROTOTYPES = YES;
				CLANG_WARN_SUSPICIOUS_MOVE = YES;
				CLANG_WARN_UNGUARDED_AVAILABILITY = YES_AGGRESSIVE;
				CLANG_WARN_UNREACHABLE_CODE = YES;
				CLANG_WARN__DUPLICATE_METHOD_MATCH = YES;
				CODE_SIGN_IDENTITY = "iPhone Developer";
				COPY_PHASE_STRIP = NO;
				DEBUG_INFORMATION_FORMAT = dwarf;
				ENABLE_STRICT_OBJC_MSGSEND = YES;
				ENABLE_TESTABILITY = YES;
				GCC_C_LANGUAGE_STANDARD = gnu11;
				GCC_DYNAMIC_NO_PIC = NO;
				GCC_NO_COMMON_BLOCKS = YES;
				GCC_OPTIMIZATION_LEVEL = 0;
				GCC_PREPROCESSOR_DEFINITIONS = (
					"DEBUG=1",
					"$(inherited)",
				);
				GCC_WARN_64_TO_32_BIT_CONVERSION = YES;
				GCC_WARN_ABOUT_RETURN_TYPE = YES_ERROR;
				GCC_WARN_UNDECLARED_SELECTOR = YES;
				GCC_WARN_UNINITIALIZED_AUTOS = YES_AGGRESSIVE;
				GCC_WARN_UNUSED_FUNCTION = YES;
				GCC_WARN_UNUSED_VARIABLE = YES;
				IPHONEOS_DEPLOYMENT_TARGET = 11.2;
				MTL_ENABLE_DEBUG_INFO = YES;
				ONLY_ACTIVE_ARCH = YES;
				SDKROOT = iphoneos;
			};
			name = Debug;
		};
		0FDC767620FC47CD0028C900 /* Release */ = {
			isa = XCBuildConfiguration;
			buildSettings = {
				ALWAYS_SEARCH_USER_PATHS = NO;
				CLANG_ANALYZER_NONNULL = YES;
				CLANG_ANALYZER_NUMBER_OBJECT_CONVERSION = YES_AGGRESSIVE;
				CLANG_CXX_LANGUAGE_STANDARD = "gnu++14";
				CLANG_CXX_LIBRARY = "libc++";
				CLANG_ENABLE_MODULES = YES;
				CLANG_ENABLE_OBJC_ARC = YES;
				CLANG_WARN_BLOCK_CAPTURE_AUTORELEASING = YES;
				CLANG_WARN_BOOL_CONVERSION = YES;
				CLANG_WARN_COMMA = YES;
				CLANG_WARN_CONSTANT_CONVERSION = YES;
				CLANG_WARN_DIRECT_OBJC_ISA_USAGE = YES_ERROR;
				CLANG_WARN_DOCUMENTATION_COMMENTS = YES;
				CLANG_WARN_EMPTY_BODY = YES;
				CLANG_WARN_ENUM_CONVERSION = YES;
				CLANG_WARN_INFINITE_RECURSION = YES;
				CLANG_WARN_INT_CONVERSION = YES;
				CLANG_WARN_NON_LITERAL_NULL_CONVERSION = YES;
				CLANG_WARN_OBJC_LITERAL_CONVERSION = YES;
				CLANG_WARN_OBJC_ROOT_CLASS = YES_ERROR;
				CLANG_WARN_RANGE_LOOP_ANALYSIS = YES;
				CLANG_WARN_STRICT_PROTOTYPES = YES;
				CLANG_WARN_SUSPICIOUS_MOVE = YES;
				CLANG_WARN_UNGUARDED_AVAILABILITY = YES_AGGRESSIVE;
				CLANG_WARN_UNREACHABLE_CODE = YES;
				CLANG_WARN__DUPLICATE_METHOD_MATCH = YES;
				CODE_SIGN_IDENTITY = "iPhone Developer";
				COPY_PHASE_STRIP = NO;
				DEBUG_INFORMATION_FORMAT = "dwarf-with-dsym";
				ENABLE_NS_ASSERTIONS = NO;
				ENABLE_STRICT_OBJC_MSGSEND = YES;
				GCC_C_LANGUAGE_STANDARD = gnu11;
				GCC_NO_COMMON_BLOCKS = YES;
				GCC_WARN_64_TO_32_BIT_CONVERSION = YES;
				GCC_WARN_ABOUT_RETURN_TYPE = YES_ERROR;
				GCC_WARN_UNDECLARED_SELECTOR = YES;
				GCC_WARN_UNINITIALIZED_AUTOS = YES_AGGRESSIVE;
				GCC_WARN_UNUSED_FUNCTION = YES;
				GCC_WARN_UNUSED_VARIABLE = YES;
				IPHONEOS_DEPLOYMENT_TARGET = 11.2;
				MTL_ENABLE_DEBUG_INFO = NO;
				SDKROOT = iphoneos;
				VALIDATE_PRODUCT = YES;
			};
			name = Release;
		};
		0FDC767820FC47CD0028C900 /* Debug */ = {
			isa = XCBuildConfiguration;
			buildSettings = {
				ASSETCATALOG_COMPILER_APPICON_NAME = AppIcon;
				CODE_SIGN_STYLE = Automatic;
				INFOPLIST_FILE = "便捷计时器/Info.plist";
				LD_RUNPATH_SEARCH_PATHS = "$(inherited) @executable_path/Frameworks";
				PRODUCT_BUNDLE_IDENTIFIER = "com.---.-----";
				PRODUCT_NAME = "$(TARGET_NAME)";
				TARGETED_DEVICE_FAMILY = "1,2";
			};
			name = Debug;
		};
		0FDC767920FC47CD0028C900 /* Release */ = {
			isa = XCBuildConfiguration;
			buildSettings = {
				ASSETCATALOG_COMPILER_APPICON_NAME = AppIcon;
				CODE_SIGN_STYLE = Automatic;
				INFOPLIST_FILE = "便捷计时器/Info.plist";
				LD_RUNPATH_SEARCH_PATHS = "$(inherited) @executable_path/Frameworks";
				PRODUCT_BUNDLE_IDENTIFIER = "com.---.-----";
				PRODUCT_NAME = "$(TARGET_NAME)";
				TARGETED_DEVICE_FAMILY = "1,2";
			};
			name = Release;
		};
		0FDC767B20FC47CD0028C900 /* Debug */ = {
			isa = XCBuildConfiguration;
			buildSettings = {
				BUNDLE_LOADER = "$(TEST_HOST)";
				CODE_SIGN_STYLE = Automatic;
				INFOPLIST_FILE = "便捷计时器Tests/Info.plist";
				LD_RUNPATH_SEARCH_PATHS = "$(inherited) @executable_path/Frameworks @loader_path/Frameworks";
				PRODUCT_BUNDLE_IDENTIFIER = "com.---.-----Tests";
				PRODUCT_NAME = "$(TARGET_NAME)";
				TARGETED_DEVICE_FAMILY = "1,2";
				TEST_HOST = "$(BUILT_PRODUCTS_DIR)/便捷计时器.app/便捷计时器";
			};
			name = Debug;
		};
		0FDC767C20FC47CD0028C900 /* Release */ = {
			isa = XCBuildConfiguration;
			buildSettings = {
				BUNDLE_LOADER = "$(TEST_HOST)";
				CODE_SIGN_STYLE = Automatic;
				INFOPLIST_FILE = "便捷计时器Tests/Info.plist";
				LD_RUNPATH_SEARCH_PATHS = "$(inherited) @executable_path/Frameworks @loader_path/Frameworks";
				PRODUCT_BUNDLE_IDENTIFIER = "com.---.-----Tests";
				PRODUCT_NAME = "$(TARGET_NAME)";
				TARGETED_DEVICE_FAMILY = "1,2";
				TEST_HOST = "$(BUILT_PRODUCTS_DIR)/便捷计时器.app/便捷计时器";
			};
			name = Release;
		};
		0FDC767E20FC47CD0028C900 /* Debug */ = {
			isa = XCBuildConfiguration;
			buildSettings = {
				CODE_SIGN_STYLE = Automatic;
				INFOPLIST_FILE = "便捷计时器UITests/Info.plist";
				LD_RUNPATH_SEARCH_PATHS = "$(inherited) @executable_path/Frameworks @loader_path/Frameworks";
				PRODUCT_BUNDLE_IDENTIFIER = "com.---.-----UITests";
				PRODUCT_NAME = "$(TARGET_NAME)";
				TARGETED_DEVICE_FAMILY = "1,2";
				TEST_TARGET_NAME = "便捷计时器";
			};
			name = Debug;
		};
		0FDC767F20FC47CD0028C900 /* Release */ = {
			isa = XCBuildConfiguration;
			buildSettings = {
				CODE_SIGN_STYLE = Automatic;
				INFOPLIST_FILE = "便捷计时器UITests/Info.plist";
				LD_RUNPATH_SEARCH_PATHS = "$(inherited) @executable_path/Frameworks @loader_path/Frameworks";
				PRODUCT_BUNDLE_IDENTIFIER = "com.---.-----UITests";
				PRODUCT_NAME = "$(TARGET_NAME)";
				TARGETED_DEVICE_FAMILY = "1,2";
				TEST_TARGET_NAME = "便捷计时器";
			};
			name = Release;
		};
/* End XCBuildConfiguration section */

/* Begin XCConfigurationList section */
		0FDC764620FC47CD0028C900 /* Build configuration list for PBXProject "便捷计时器" */ = {
			isa = XCConfigurationList;
			buildConfigurations = (
				0FDC767520FC47CD0028C900 /* Debug */,
				0FDC767620FC47CD0028C900 /* Release */,
			);
			defaultConfigurationIsVisible = 0;
			defaultConfigurationName = Release;
		};
		0FDC767720FC47CD0028C900 /* Build configuration list for PBXNativeTarget "便捷计时器" */ = {
			isa = XCConfigurationList;
			buildConfigurations = (
				0FDC767820FC47CD0028C900 /* Debug */,
				0FDC767920FC47CD0028C900 /* Release */,
			);
			defaultConfigurationIsVisible = 0;
			defaultConfigurationName = Release;
		};
		0FDC767A20FC47CD0028C900 /* Build configuration list for PBXNativeTarget "便捷计时器Tests" */ = {
			isa = XCConfigurationList;
			buildConfigurations = (
				0FDC767B20FC47CD0028C900 /* Debug */,
				0FDC767C20FC47CD0028C900 /* Release */,
			);
			defaultConfigurationIsVisible = 0;
			defaultConfigurationName = Release;
		};
		0FDC767D20FC47CD0028C900 /* Build configuration list for PBXNativeTarget "便捷计时器UITests" */ = {
			isa = XCConfigurationList;
			buildConfigurations = (
				0FDC767E20FC47CD0028C900 /* Debug */,
				0FDC767F20FC47CD0028C900 /* Release */,
			);
			defaultConfigurationIsVisible = 0;
			defaultConfigurationName = Release;
		};
/* End XCConfigurationList section */
	};
	rootObject = 0FDC764320FC47CD0028C900 /* Project object */;
}
